github.com/ZxwyProject/dynv6 v0.0.1 h1:Z23xpRbLtMCb7cs//iiKP/M5XYxXQndgXn4CiZFNngw=
github.com/ZxwyProject/dynv6 v0.0.1/go.mod h1:6V09yUf6N6QWhM57jDe/0oMTvzcumFpI4v9oHVxEuK4=
github.com/libdns/libdns v1.1.0 h1:9ze/tWvt7Df6sbhOJRB8jT33GHEHpEQXdtkE3hPthbU=
github.com/libdns/libdns v1.1.0/go.mod h1:4Bj9+5CQiNMVGf87wjX4CY3HQJypUHRuLvlsfsZqLWQ=
